// !$*UTF8*$!
{
	archiveVersion = 1;
	classes = {
	};
	objectVersion = 56;
	objects = {

/* Begin PBXBuildFile section */
		A1B2C3D400000011 /* SwimTrackerApp.swift in Sources */ = {isa = PBXBuildFile; fileRef = A1B2C3D400000001 /* SwimTrackerApp.swift */; };
		A1B2C3D400000012 /* ContentView.swift in Sources */ = {isa = PBXBuildFile; fileRef = A1B2C3D400000002 /* ContentView.swift */; };
		A1B2C3D400000013 /* SwimSession.swift in Sources */ = {isa = PBXBuildFile; fileRef = A1B2C3D400000003 /* SwimSession.swift */; };
		A1B2C3D400000014 /* DashboardView.swift in Sources */ = {isa = PBXBuildFile; fileRef = A1B2C3D400000004 /* DashboardView.swift */; };
		A1B2C3D400000015 /* LogSwimView.swift in Sources */ = {isa = PBXBuildFile; fileRef = A1B2C3D400000005 /* LogSwimView.swift */; };
		A1B2C3D400000016 /* UpcomingView.swift in Sources */ = {isa = PBXBuildFile; fileRef = A1B2C3D400000006 /* UpcomingView.swift */; };
		A1B2C3D400000017 /* Assets.xcassets in Resources */ = {isa = PBXBuildFile; fileRef = A1B2C3D400000007 /* Assets.xcassets */; };
		A1B2C3D400000018 /* Preview Assets.xcassets in Resources */ = {isa = PBXBuildFile; fileRef = A1B2C3D400000008 /* Preview Assets.xcassets */; };
		A1B2C3D400000019 /* ChatMessage.swift in Sources */ = {isa = PBXBuildFile; fileRef = A1B2C3D400000009 /* ChatMessage.swift */; };
		A1B2C3D40000001A /* AnthropicService.swift in Sources */ = {isa = PBXBuildFile; fileRef = A1B2C3D40000000A /* AnthropicService.swift */; };
		A1B2C3D40000001B /* ChatView.swift in Sources */ = {isa = PBXBuildFile; fileRef = A1B2C3D40000000B /* ChatView.swift */; };
		A1B2C3D40000001C /* Workout.swift in Sources */ = {isa = PBXBuildFile; fileRef = A1B2C3D40000000C /* Workout.swift */; };
		A1B2C3D40000001D /* WorkoutSeeder.swift in Sources */ = {isa = PBXBuildFile; fileRef = A1B2C3D40000000D /* WorkoutSeeder.swift */; };
		A1B2C3D40000001E /* SessionDetailView.swift in Sources */ = {isa = PBXBuildFile; fileRef = A1B2C3D40000000E /* SessionDetailView.swift */; };
		A1B2C3D40000001F /* HealthKitManager.swift in Sources */ = {isa = PBXBuildFile; fileRef = A1B2C3D40000000F /* HealthKitManager.swift */; };
		A1B2C3D400000071 /* StatisticsView.swift in Sources */ = {isa = PBXBuildFile; fileRef = A1B2C3D400000070 /* StatisticsView.swift */; };
		A1B2C3D400000073 /* SessionHistoryView.swift in Sources */ = {isa = PBXBuildFile; fileRef = A1B2C3D400000072 /* SessionHistoryView.swift */; };
		A1B2C3D400000075 /* WorkoutAnalysis.swift in Sources */ = {isa = PBXBuildFile; fileRef = A1B2C3D400000074 /* WorkoutAnalysis.swift */; };
		A1B2C3D400000077 /* WorkoutAnalysisView.swift in Sources */ = {isa = PBXBuildFile; fileRef = A1B2C3D400000076 /* WorkoutAnalysisView.swift */; };
		A1B2C3D400000079 /* RecentTrendsCard.swift in Sources */ = {isa = PBXBuildFile; fileRef = A1B2C3D400000078 /* RecentTrendsCard.swift */; };
		A1B2C3D40000007B /* AnalysesHistoryView.swift in Sources */ = {isa = PBXBuildFile; fileRef = A1B2C3D40000007A /* AnalysesHistoryView.swift */; };
/* End PBXBuildFile section */

/* Begin PBXFileReference section */
		A1B2C3D400000001 /* SwimTrackerApp.swift */ = {isa = PBXFileReference; lastKnownFileType = sourcecode.swift; path = SwimTrackerApp.swift; sourceTree = "<group>"; };
		A1B2C3D400000002 /* ContentView.swift */ = {isa = PBXFileReference; lastKnownFileType = sourcecode.swift; path = ContentView.swift; sourceTree = "<group>"; };
		A1B2C3D400000003 /* SwimSession.swift */ = {isa = PBXFileReference; lastKnownFileType = sourcecode.swift; path = SwimSession.swift; sourceTree = "<group>"; };
		A1B2C3D400000004 /* DashboardView.swift */ = {isa = PBXFileReference; lastKnownFileType = sourcecode.swift; path = DashboardView.swift; sourceTree = "<group>"; };
		A1B2C3D400000005 /* LogSwimView.swift */ = {isa = PBXFileReference; lastKnownFileType = sourcecode.swift; path = LogSwimView.swift; sourceTree = "<group>"; };
		A1B2C3D400000006 /* UpcomingView.swift */ = {isa = PBXFileReference; lastKnownFileType = sourcecode.swift; path = UpcomingView.swift; sourceTree = "<group>"; };
		A1B2C3D400000007 /* Assets.xcassets */ = {isa = PBXFileReference; lastKnownFileType = folder.assetcatalog; path = Assets.xcassets; sourceTree = "<group>"; };
		A1B2C3D400000008 /* Preview Assets.xcassets */ = {isa = PBXFileReference; lastKnownFileType = folder.assetcatalog; path = "Preview Assets.xcassets"; sourceTree = "<group>"; };
		A1B2C3D400000009 /* ChatMessage.swift */ = {isa = PBXFileReference; lastKnownFileType = sourcecode.swift; path = ChatMessage.swift; sourceTree = "<group>"; };
		A1B2C3D40000000A /* AnthropicService.swift */ = {isa = PBXFileReference; lastKnownFileType = sourcecode.swift; path = AnthropicService.swift; sourceTree = "<group>"; };
		A1B2C3D40000000B /* ChatView.swift */ = {isa = PBXFileReference; lastKnownFileType = sourcecode.swift; path = ChatView.swift; sourceTree = "<group>"; };
		A1B2C3D40000000C /* Workout.swift */ = {isa = PBXFileReference; lastKnownFileType = sourcecode.swift; path = Workout.swift; sourceTree = "<group>"; };
		A1B2C3D40000000D /* WorkoutSeeder.swift */ = {isa = PBXFileReference; lastKnownFileType = sourcecode.swift; path = WorkoutSeeder.swift; sourceTree = "<group>"; };
		A1B2C3D40000000E /* SessionDetailView.swift */ = {isa = PBXFileReference; lastKnownFileType = sourcecode.swift; path = SessionDetailView.swift; sourceTree = "<group>"; };
		A1B2C3D40000000F /* HealthKitManager.swift */ = {isa = PBXFileReference; lastKnownFileType = sourcecode.swift; path = HealthKitManager.swift; sourceTree = "<group>"; };
		A1B2C3D400000010 /* SwimTracker.entitlements */ = {isa = PBXFileReference; lastKnownFileType = text.plist.entitlements; path = SwimTracker.entitlements; sourceTree = "<group>"; };
		A1B2C3D400000070 /* StatisticsView.swift */ = {isa = PBXFileReference; lastKnownFileType = sourcecode.swift; path = StatisticsView.swift; sourceTree = "<group>"; };
		A1B2C3D400000072 /* SessionHistoryView.swift */ = {isa = PBXFileReference; lastKnownFileType = sourcecode.swift; path = SessionHistoryView.swift; sourceTree = "<group>"; };
		A1B2C3D400000074 /* WorkoutAnalysis.swift */ = {isa = PBXFileReference; lastKnownFileType = sourcecode.swift; path = WorkoutAnalysis.swift; sourceTree = "<group>"; };
		A1B2C3D400000076 /* WorkoutAnalysisView.swift */ = {isa = PBXFileReference; lastKnownFileType = sourcecode.swift; path = WorkoutAnalysisView.swift; sourceTree = "<group>"; };
		A1B2C3D400000078 /* RecentTrendsCard.swift */ = {isa = PBXFileReference; lastKnownFileType = sourcecode.swift; path = RecentTrendsCard.swift; sourceTree = "<group>"; };
		A1B2C3D40000007A /* AnalysesHistoryView.swift */ = {isa = PBXFileReference; lastKnownFileType = sourcecode.swift; path = AnalysesHistoryView.swift; sourceTree = "<group>"; };
		A1B2C3D400000031 /* SwimTracker.app */ = {isa = PBXFileReference; explicitFileType = wrapper.application; includeInIndex = 0; path = SwimTracker.app; sourceTree = BUILT_PRODUCTS_DIR; };
/* End PBXFileReference section */

/* Begin PBXFrameworksBuildPhase section */
		A1B2C3D400000041 /* Frameworks */ = {
			isa = PBXFrameworksBuildPhase;
			buildActionMask = 2147483647;
			files = (
			);
			runOnlyForDeploymentPostprocessing = 0;
		};
/* End PBXFrameworksBuildPhase section */

/* Begin PBXGroup section */
		A1B2C3D400000020 = {
			isa = PBXGroup;
			children = (
				A1B2C3D400000021 /* SwimTracker */,
				A1B2C3D400000025 /* Products */,
			);
			sourceTree = "<group>";
		};
		A1B2C3D400000021 /* SwimTracker */ = {
			isa = PBXGroup;
			children = (
				A1B2C3D400000010 /* SwimTracker.entitlements */,
				A1B2C3D400000001 /* SwimTrackerApp.swift */,
				A1B2C3D400000002 /* ContentView.swift */,
				A1B2C3D400000022 /* Models */,
				A1B2C3D400000023 /* Views */,
				A1B2C3D400000026 /* Services */,
				A1B2C3D400000027 /* Helpers */,
				A1B2C3D400000007 /* Assets.xcassets */,
				A1B2C3D400000024 /* Preview Content */,
			);
			path = SwimTracker;
			sourceTree = "<group>";
		};
		A1B2C3D400000022 /* Models */ = {
			isa = PBXGroup;
			children = (
				A1B2C3D400000003 /* SwimSession.swift */,
				A1B2C3D400000009 /* ChatMessage.swift */,
				A1B2C3D40000000C /* Workout.swift */,
				A1B2C3D400000074 /* WorkoutAnalysis.swift */,
			);
			path = Models;
			sourceTree = "<group>";
		};
		A1B2C3D400000023 /* Views */ = {
			isa = PBXGroup;
			children = (
				A1B2C3D400000004 /* DashboardView.swift */,
				A1B2C3D400000005 /* LogSwimView.swift */,
				A1B2C3D400000006 /* UpcomingView.swift */,
				A1B2C3D40000000B /* ChatView.swift */,
				A1B2C3D40000000E /* SessionDetailView.swift */,
				A1B2C3D400000070 /* StatisticsView.swift */,
				A1B2C3D400000072 /* SessionHistoryView.swift */,
				A1B2C3D400000076 /* WorkoutAnalysisView.swift */,
				A1B2C3D400000078 /* RecentTrendsCard.swift */,
				A1B2C3D40000007A /* AnalysesHistoryView.swift */,
			);
			path = Views;
			sourceTree = "<group>";
		};
		A1B2C3D400000024 /* Preview Content */ = {
			isa = PBXGroup;
			children = (
				A1B2C3D400000008 /* Preview Assets.xcassets */,
			);
			path = "Preview Content";
			sourceTree = "<group>";
		};
		A1B2C3D400000025 /* Products */ = {
			isa = PBXGroup;
			children = (
				A1B2C3D400000031 /* SwimTracker.app */,
			);
			name = Products;
			sourceTree = "<group>";
		};
		A1B2C3D400000026 /* Services */ = {
			isa = PBXGroup;
			children = (
				A1B2C3D40000000A /* AnthropicService.swift */,
				A1B2C3D40000000F /* HealthKitManager.swift */,
			);
			path = Services;
			sourceTree = "<group>";
		};
		A1B2C3D400000027 /* Helpers */ = {
			isa = PBXGroup;
			children = (
				A1B2C3D40000000D /* WorkoutSeeder.swift */,
			);
			path = Helpers;
			sourceTree = "<group>";
		};
/* End PBXGroup section */

/* Begin PBXNativeTarget section */
		A1B2C3D400000030 /* SwimTracker */ = {
			isa = PBXNativeTarget;
			buildConfigurationList = A1B2C3D400000055 /* Build configuration list for PBXNativeTarget "SwimTracker" */;
			buildPhases = (
				A1B2C3D400000040 /* Sources */,
				A1B2C3D400000041 /* Frameworks */,
				A1B2C3D400000042 /* Resources */,
			);
			buildRules = (
			);
			dependencies = (
			);
			name = SwimTracker;
			productName = SwimTracker;
			productReference = A1B2C3D400000031 /* SwimTracker.app */;
			productType = "com.apple.product-type.application";
		};
/* End PBXNativeTarget section */

/* Begin PBXProject section */
		A1B2C3D400000060 /* Project object */ = {
			isa = PBXProject;
			attributes = {
				BuildIndependentTargetsInParallel = 1;
				LastSwiftUpdateCheck = 1500;
				LastUpgradeCheck = 1500;
				TargetAttributes = {
					A1B2C3D400000030 = {
						CreatedOnToolsVersion = 15.0;
					};
				};
			};
			buildConfigurationList = A1B2C3D400000054 /* Build configuration list for PBXProject "SwimTracker" */;
			compatibilityVersion = "Xcode 14.0";
			developmentRegion = en;
			hasScannedForEncodings = 0;
			knownRegions = (
				en,
				Base,
			);
			mainGroup = A1B2C3D400000020;
			productRefGroup = A1B2C3D400000025 /* Products */;
			projectDirPath = "";
			projectRoot = "";
			targets = (
				A1B2C3D400000030 /* SwimTracker */,
			);
		};
/* End PBXProject section */

/* Begin PBXResourcesBuildPhase section */
		A1B2C3D400000042 /* Resources */ = {
			isa = PBXResourcesBuildPhase;
			buildActionMask = 2147483647;
			files = (
				A1B2C3D400000018 /* Preview Assets.xcassets in Resources */,
				A1B2C3D400000017 /* Assets.xcassets in Resources */,
			);
			runOnlyForDeploymentPostprocessing = 0;
		};
/* End PBXResourcesBuildPhase section */

/* Begin PBXSourcesBuildPhase section */
		A1B2C3D400000040 /* Sources */ = {
			isa = PBXSourcesBuildPhase;
			buildActionMask = 2147483647;
			files = (
				A1B2C3D400000011 /* SwimTrackerApp.swift in Sources */,
				A1B2C3D400000012 /* ContentView.swift in Sources */,
				A1B2C3D400000013 /* SwimSession.swift in Sources */,
				A1B2C3D400000014 /* DashboardView.swift in Sources */,
				A1B2C3D400000015 /* LogSwimView.swift in Sources */,
				A1B2C3D400000016 /* UpcomingView.swift in Sources */,
				A1B2C3D400000019 /* ChatMessage.swift in Sources */,
				A1B2C3D40000001A /* AnthropicService.swift in Sources */,
				A1B2C3D40000001B /* ChatView.swift in Sources */,
				A1B2C3D40000001C /* Workout.swift in Sources */,
				A1B2C3D40000001D /* WorkoutSeeder.swift in Sources */,
				A1B2C3D40000001E /* SessionDetailView.swift in Sources */,
				A1B2C3D40000001F /* HealthKitManager.swift in Sources */,
				A1B2C3D400000071 /* StatisticsView.swift in Sources */,
				A1B2C3D400000073 /* SessionHistoryView.swift in Sources */,
				A1B2C3D400000075 /* WorkoutAnalysis.swift in Sources */,
				A1B2C3D400000077 /* WorkoutAnalysisView.swift in Sources */,
				A1B2C3D400000079 /* RecentTrendsCard.swift in Sources */,
				A1B2C3D40000007B /* AnalysesHistoryView.swift in Sources */,
			);
			runOnlyForDeploymentPostprocessing = 0;
		};
/* End PBXSourcesBuildPhase section */

/* Begin XCBuildConfiguration section */
		A1B2C3D400000050 /* Debug */ = {
			isa = XCBuildConfiguration;
			buildSettings = {
				ALWAYS_SEARCH_USER_PATHS = NO;
				ASSETCATALOG_COMPILER_GENERATE_SWIFT_ASSET_SYMBOL_EXTENSIONS = YES;
				CLANG_ANALYZER_NONNULL = YES;
				CLANG_ANALYZER_NUMBER_OBJECT_CONVERSION = YES_AGGRESSIVE;
				CLANG_CXX_LANGUAGE_STANDARD = "gnu++20";
				CLANG_ENABLE_MODULES = YES;
				CLANG_ENABLE_OBJC_ARC = YES;
				CLANG_ENABLE_OBJC_WEAK = YES;
				CLANG_WARN_BLOCK_CAPTURE_AUTORELEASING = YES;
				CLANG_WARN_BOOL_CONVERSION = YES;
				CLANG_WARN_COMMA = YES;
				CLANG_WARN_CONSTANT_CONVERSION = YES;
				CLANG_WARN_DEPRECATED_OBJC_IMPLEMENTATIONS = YES;
				CLANG_WARN_DIRECT_OBJC_ISA_USAGE = YES_ERROR;
				CLANG_WARN_DOCUMENTATION_COMMENTS = YES;
				CLANG_WARN_EMPTY_BODY = YES;
				CLANG_WARN_ENUM_CONVERSION = YES;
				CLANG_WARN_INFINITE_RECURSION = YES;
				CLANG_WARN_INT_CONVERSION = YES;
				CLANG_WARN_NON_LITERAL_NULL_CONVERSION = YES;
				CLANG_WARN_OBJC_IMPLICIT_RETAIN_SELF = YES;
				CLANG_WARN_OBJC_LITERAL_CONVERSION = YES;
				CLANG_WARN_OBJC_ROOT_CLASS = YES_ERROR;
				CLANG_WARN_QUOTED_INCLUDE_IN_FRAMEWORK_HEADER = YES;
				CLANG_WARN_RANGE_LOOP_ANALYSIS = YES;
				CLANG_WARN_STRICT_PROTOTYPES = YES;
				CLANG_WARN_SUSPICIOUS_MOVE = YES;
				CLANG_WARN_UNGUARDED_AVAILABILITY = YES_AGGRESSIVE;
				CLANG_WARN_UNREACHABLE_CODE = YES;
				CLANG_WARN__DUPLICATE_METHOD_MATCH = YES;
				COPY_PHASE_STRIP = NO;
				DEBUG_INFORMATION_FORMAT = dwarf;
				ENABLE_STRICT_OBJC_MSGSEND = YES;
				ENABLE_TESTABILITY = YES;
				ENABLE_USER_SCRIPT_SANDBOXING = YES;
				GCC_C_LANGUAGE_STANDARD = gnu17;
				GCC_DYNAMIC_NO_PIC = NO;
				GCC_NO_COMMON_BLOCKS = YES;
				GCC_OPTIMIZATION_LEVEL = 0;
				GCC_PREPROCESSOR_DEFINITIONS = (
					"DEBUG=1",
					"$(inherited)",
				);
				GCC_WARN_64_TO_32_BIT_CONVERSION = YES;
				GCC_WARN_ABOUT_RETURN_TYPE = YES_ERROR;
				GCC_WARN_UNDECLARED_SELECTOR = YES;
				GCC_WARN_UNINITIALIZED_AUTOS = YES_AGGRESSIVE;
				GCC_WARN_UNUSED_FUNCTION = YES;
				GCC_WARN_UNUSED_VARIABLE = YES;
				IPHONEOS_DEPLOYMENT_TARGET = 17.0;
				LOCALIZATION_PREFERS_STRING_CATALOGS = YES;
				MTL_ENABLE_DEBUG_INFO = INCLUDE_SOURCE;
				MTL_FAST_MATH = YES;
				ONLY_ACTIVE_ARCH = YES;
				SDKROOT = iphoneos;
				SWIFT_ACTIVE_COMPILATION_CONDITIONS = "DEBUG $(inherited)";
				SWIFT_OPTIMIZATION_LEVEL = "-Onone";
			};
			name = Debug;
		};
		A1B2C3D400000051 /* Release */ = {
			isa = XCBuildConfiguration;
			buildSettings = {
				ALWAYS_SEARCH_USER_PATHS = NO;
				ASSETCATALOG_COMPILER_GENERATE_SWIFT_ASSET_SYMBOL_EXTENSIONS = YES;
				CLANG_ANALYZER_NONNULL = YES;
				CLANG_ANALYZER_NUMBER_OBJECT_CONVERSION = YES_AGGRESSIVE;
				CLANG_CXX_LANGUAGE_STANDARD = "gnu++20";
				CLANG_ENABLE_MODULES = YES;
				CLANG_ENABLE_OBJC_ARC = YES;
				CLANG_ENABLE_OBJC_WEAK = YES;
				CLANG_WARN_BLOCK_CAPTURE_AUTORELEASING = YES;
				CLANG_WARN_BOOL_CONVERSION = YES;
				CLANG_WARN_COMMA = YES;
				CLANG_WARN_CONSTANT_CONVERSION = YES;
				CLANG_WARN_DEPRECATED_OBJC_IMPLEMENTATIONS = YES;
				CLANG_WARN_DIRECT_OBJC_ISA_USAGE = YES_ERROR;
				CLANG_WARN_DOCUMENTATION_COMMENTS = YES;
				CLANG_WARN_EMPTY_BODY = YES;
				CLANG_WARN_ENUM_CONVERSION = YES;
				CLANG_WARN_INFINITE_RECURSION = YES;
				CLANG_WARN_INT_CONVERSION = YES;
				CLANG_WARN_NON_LITERAL_NULL_CONVERSION = YES;
				CLANG_WARN_OBJC_IMPLICIT_RETAIN_SELF = YES;
				CLANG_WARN_OBJC_LITERAL_CONVERSION = YES;
				CLANG_WARN_OBJC_ROOT_CLASS = YES_ERROR;
				CLANG_WARN_QUOTED_INCLUDE_IN_FRAMEWORK_HEADER = YES;
				CLANG_WARN_RANGE_LOOP_ANALYSIS = YES;
				CLANG_WARN_STRICT_PROTOTYPES = YES;
				CLANG_WARN_SUSPICIOUS_MOVE = YES;
				CLANG_WARN_UNGUARDED_AVAILABILITY = YES_AGGRESSIVE;
				CLANG_WARN_UNREACHABLE_CODE = YES;
				CLANG_WARN__DUPLICATE_METHOD_MATCH = YES;
				COPY_PHASE_STRIP = NO;
				DEBUG_INFORMATION_FORMAT = "dwarf-with-dsym";
				ENABLE_NS_ASSERTIONS = NO;
				ENABLE_STRICT_OBJC_MSGSEND = YES;
				ENABLE_USER_SCRIPT_SANDBOXING = YES;
				GCC_C_LANGUAGE_STANDARD = gnu17;
				GCC_NO_COMMON_BLOCKS = YES;
				GCC_WARN_64_TO_32_BIT_CONVERSION = YES;
				GCC_WARN_ABOUT_RETURN_TYPE = YES_ERROR;
				GCC_WARN_UNDECLARED_SELECTOR = YES;
				GCC_WARN_UNINITIALIZED_AUTOS = YES_AGGRESSIVE;
				GCC_WARN_UNUSED_FUNCTION = YES;
				GCC_WARN_UNUSED_VARIABLE = YES;
				IPHONEOS_DEPLOYMENT_TARGET = 17.0;
				LOCALIZATION_PREFERS_STRING_CATALOGS = YES;
				MTL_ENABLE_DEBUG_INFO = NO;
				MTL_FAST_MATH = YES;
				SDKROOT = iphoneos;
				SWIFT_COMPILATION_MODE = wholemodule;
				VALIDATE_PRODUCT = YES;
			};
			name = Release;
		};
		A1B2C3D400000052 /* Debug */ = {
			isa = XCBuildConfiguration;
			buildSettings = {
				ASSETCATALOG_COMPILER_APPICON_NAME = AppIcon;
				ASSETCATALOG_COMPILER_GLOBAL_ACCENT_COLOR_NAME = AccentColor;
				CODE_SIGN_ENTITLEMENTS = SwimTracker/SwimTracker.entitlements;
				CODE_SIGN_STYLE = Automatic;
				CURRENT_PROJECT_VERSION = 1;
				DEVELOPMENT_ASSET_PATHS = "\"SwimTracker/Preview Content\"";
				DEVELOPMENT_TEAM = 7UW43YH83S;
				ENABLE_PREVIEWS = YES;
				GENERATE_INFOPLIST_FILE = YES;
				INFOPLIST_KEY_CFBundleDisplayName = "Alcatraz Training";
				INFOPLIST_KEY_UIApplicationSceneManifest_Generation = YES;
				INFOPLIST_KEY_UIApplicationSupportsIndirectInputEvents = YES;
				INFOPLIST_KEY_NSHealthShareUsageDescription = "SwimTracker needs access to your swim workouts to automatically log your training sessions and provide better coaching recommendations.";
				INFOPLIST_KEY_UILaunchScreen_Generation = YES;
				INFOPLIST_KEY_UISupportedInterfaceOrientations_iPad = "UIInterfaceOrientationPortrait UIInterfaceOrientationPortraitUpsideDown UIInterfaceOrientationLandscapeLeft UIInterfaceOrientationLandscapeRight";
				INFOPLIST_KEY_UISupportedInterfaceOrientations_iPhone = "UIInterfaceOrientationPortrait UIInterfaceOrientationLandscapeLeft UIInterfaceOrientationLandscapeRight";
				LD_RUNPATH_SEARCH_PATHS = (
					"$(inherited)",
					"@executable_path/Frameworks",
				);
				MARKETING_VERSION = 1.0;
				PRODUCT_BUNDLE_IDENTIFIER = com.swimtracker.app;
				PRODUCT_NAME = "$(TARGET_NAME)";
				SWIFT_EMIT_LOC_STRINGS = YES;
				SWIFT_VERSION = 5.0;
				TARGETED_DEVICE_FAMILY = "1,2";
			};
			name = Debug;
		};
		A1B2C3D400000053 /* Release */ = {
			isa = XCBuildConfiguration;
			buildSettings = {
				ASSETCATALOG_COMPILER_APPICON_NAME = AppIcon;
				ASSETCATALOG_COMPILER_GLOBAL_ACCENT_COLOR_NAME = AccentColor;
				CODE_SIGN_ENTITLEMENTS = SwimTracker/SwimTracker.entitlements;
				CODE_SIGN_STYLE = Automatic;
				CURRENT_PROJECT_VERSION = 1;
				DEVELOPMENT_ASSET_PATHS = "\"SwimTracker/Preview Content\"";
				DEVELOPMENT_TEAM = 7UW43YH83S;
				ENABLE_PREVIEWS = YES;
				GENERATE_INFOPLIST_FILE = YES;
				INFOPLIST_KEY_CFBundleDisplayName = "Alcatraz Training";
				INFOPLIST_KEY_UIApplicationSceneManifest_Generation = YES;
				INFOPLIST_KEY_UIApplicationSupportsIndirectInputEvents = YES;
				INFOPLIST_KEY_NSHealthShareUsageDescription = "SwimTracker needs access to your swim workouts to automatically log your training sessions and provide better coaching recommendations.";
				INFOPLIST_KEY_UILaunchScreen_Generation = YES;
				INFOPLIST_KEY_UISupportedInterfaceOrientations_iPad = "UIInterfaceOrientationPortrait UIInterfaceOrientationPortraitUpsideDown UIInterfaceOrientationLandscapeLeft UIInterfaceOrientationLandscapeRight";
				INFOPLIST_KEY_UISupportedInterfaceOrientations_iPhone = "UIInterfaceOrientationPortrait UIInterfaceOrientationLandscapeLeft UIInterfaceOrientationLandscapeRight";
				LD_RUNPATH_SEARCH_PATHS = (
					"$(inherited)",
					"@executable_path/Frameworks",
				);
				MARKETING_VERSION = 1.0;
				PRODUCT_BUNDLE_IDENTIFIER = com.swimtracker.app;
				PRODUCT_NAME = "$(TARGET_NAME)";
				SWIFT_EMIT_LOC_STRINGS = YES;
				SWIFT_VERSION = 5.0;
				TARGETED_DEVICE_FAMILY = "1,2";
			};
			name = Release;
		};
/* End XCBuildConfiguration section */

/* Begin XCConfigurationList section */
		A1B2C3D400000054 /* Build configuration list for PBXProject "SwimTracker" */ = {
			isa = XCConfigurationList;
			buildConfigurations = (
				A1B2C3D400000050 /* Debug */,
				A1B2C3D400000051 /* Release */,
			);
			defaultConfigurationIsVisible = 0;
			defaultConfigurationName = Release;
		};
		A1B2C3D400000055 /* Build configuration list for PBXNativeTarget "SwimTracker" */ = {
			isa = XCConfigurationList;
			buildConfigurations = (
				A1B2C3D400000052 /* Debug */,
				A1B2C3D400000053 /* Release */,
			);
			defaultConfigurationIsVisible = 0;
			defaultConfigurationName = Release;
		};
/* End XCConfigurationList section */
	};
	rootObject = A1B2C3D400000060 /* Project object */;
}
